
Microsoft Visual Studio Solution File, Format Version 12.00
# Visual Studio 15
VisualStudioVersion = 15.0.27130.2003
MinimumVisualStudioVersion = 10.0.40219.1
Project("{8BC9CEB8-8B4A-11D0-8D11-00A0C91BC942}") = "SDL2-GettingStarted", "SDL2-GettingStarted.vcxproj", "{E7205D88-E110-4F52-A4A6-52183B0DF332}"
EndProject
Global
	GlobalSection(SolutionConfigurationPlatforms) = preSolution
		Debug|x64 = Debug|x64
		Debug|x86 = Debug|x86
		Release|x64 = Release|x64
		Release|x86 = Release|x86
	EndGlobalSection
	GlobalSection(ProjectConfigurationPlatforms) = postSolution
		{E7205D88-E110-4F52-A4A6-52183B0DF332}.Debug|x64.ActiveCfg = Debug|x64
		{E7205D88-E110-4F52-A4A6-52183B0DF332}.Debug|x64.Build.0 = Debug|x64
		{E7205D88-E110-4F52-A4A6-52183B0DF332}.Debug|x86.ActiveCfg = Debug|Win32
		{E7205D88-E110-4F52-A4A6-52183B0DF332}.Debug|x86.Build.0 = Debug|Win32
		{E7205D88-E110-4F52-A4A6-52183B0DF332}.Release|x64.ActiveCfg = Release|x64
		{E7205D88-E110-4F52-A4A6-52183B0DF332}.Release|x64.Build.0 = Release|x64
		{E7205D88-E110-4F52-A4A6-52183B0DF332}.Release|x86.ActiveCfg = Release|Win32
		{E7205D88-E110-4F52-A4A6-52183B0DF332}.Release|x86.Build.0 = Release|Win32
	EndGlobalSection
	GlobalSection(SolutionProperties) = preSolution
		HideSolutionNode = FALSE
	EndGlobalSection
	GlobalSection(ExtensibilityGlobals) = postSolution
		SolutionGuid = {D53217EC-8F35-496B-BB86-AC65F39FF5F9}
	EndGlobalSection
EndGlobal
